
Microsoft Visual Studio Solution File, Format Version 12.00
# Visual Studio Version 16
VisualStudioVersion = 16.0.31911.196
MinimumVisualStudioVersion = 10.0.40219.1
Project("{9A19103F-16F7-4668-BE54-9A1E7A4F7556}") = "BusinessLayer", "BusinessLayer.csproj", "{E2A7405C-1687-453B-962B-CD8A36C91B7E}"
EndProject
Project("{9A19103F-16F7-4668-BE54-9A1E7A4F7556}") = "BL", "..\BL\BL.csproj", "{19B5DCF3-0833-4435-BC23-4A625653C312}"
EndProject
Project("{9A19103F-16F7-4668-BE54-9A1E7A4F7556}") = "DAL", "..\DAL\DAL.csproj", "{1FFC15D6-4237-4688-A7CE-1DCF268FA18D}"
EndProject
Project("{9A19103F-16F7-4668-BE54-9A1E7A4F7556}") = "Model", "..\Model\Model.csproj", "{16B81015-8BA0-44E1-8D6C-2C1B7D00B778}"
EndProject
Project("{FAE04EC0-301F-11D3-BF4B-00C04F79EFBC}") = "Interfaces", "..\Interfaces\Interfaces.csproj", "{207F2552-AAC6-4B6E-8EE6-CB08C15CEF78}"
EndProject
Global
	GlobalSection(SolutionConfigurationPlatforms) = preSolution
		Debug|Any CPU = Debug|Any CPU
		Release|Any CPU = Release|Any CPU
	EndGlobalSection
	GlobalSection(ProjectConfigurationPlatforms) = postSolution
		{E2A7405C-1687-453B-962B-CD8A36C91B7E}.Debug|Any CPU.ActiveCfg = Debug|Any CPU
		{E2A7405C-1687-453B-962B-CD8A36C91B7E}.Debug|Any CPU.Build.0 = Debug|Any CPU
		{E2A7405C-1687-453B-962B-CD8A36C91B7E}.Release|Any CPU.ActiveCfg = Release|Any CPU
		{E2A7405C-1687-453B-962B-CD8A36C91B7E}.Release|Any CPU.Build.0 = Release|Any CPU
		{19B5DCF3-0833-4435-BC23-4A625653C312}.Debug|Any CPU.ActiveCfg = Debug|Any CPU
		{19B5DCF3-0833-4435-BC23-4A625653C312}.Debug|Any CPU.Build.0 = Debug|Any CPU
		{19B5DCF3-0833-4435-BC23-4A625653C312}.Release|Any CPU.ActiveCfg = Release|Any CPU
		{19B5DCF3-0833-4435-BC23-4A625653C312}.Release|Any CPU.Build.0 = Release|Any CPU
		{1FFC15D6-4237-4688-A7CE-1DCF268FA18D}.Debug|Any CPU.ActiveCfg = Debug|Any CPU
		{1FFC15D6-4237-4688-A7CE-1DCF268FA18D}.Debug|Any CPU.Build.0 = Debug|Any CPU
		{1FFC15D6-4237-4688-A7CE-1DCF268FA18D}.Release|Any CPU.ActiveCfg = Release|Any CPU
		{1FFC15D6-4237-4688-A7CE-1DCF268FA18D}.Release|Any CPU.Build.0 = Release|Any CPU
		{16B81015-8BA0-44E1-8D6C-2C1B7D00B778}.Debug|Any CPU.ActiveCfg = Debug|Any CPU
		{16B81015-8BA0-44E1-8D6C-2C1B7D00B778}.Debug|Any CPU.Build.0 = Debug|Any CPU
		{16B81015-8BA0-44E1-8D6C-2C1B7D00B778}.Release|Any CPU.ActiveCfg = Release|Any CPU
		{16B81015-8BA0-44E1-8D6C-2C1B7D00B778}.Release|Any CPU.Build.0 = Release|Any CPU
		{207F2552-AAC6-4B6E-8EE6-CB08C15CEF78}.Debug|Any CPU.ActiveCfg = Debug|Any CPU
		{207F2552-AAC6-4B6E-8EE6-CB08C15CEF78}.Debug|Any CPU.Build.0 = Debug|Any CPU
		{207F2552-AAC6-4B6E-8EE6-CB08C15CEF78}.Release|Any CPU.ActiveCfg = Release|Any CPU
		{207F2552-AAC6-4B6E-8EE6-CB08C15CEF78}.Release|Any CPU.Build.0 = Release|Any CPU
	EndGlobalSection
	GlobalSection(SolutionProperties) = preSolution
		HideSolutionNode = FALSE
	EndGlobalSection
	GlobalSection(ExtensibilityGlobals) = postSolution
		SolutionGuid = {C4E114C9-A421-41D9-9598-11CFC80599A9}
	EndGlobalSection
EndGlobal
